
Microsoft Visual Studio Solution File, Format Version 12.00
# Visual Studio Version 17
VisualStudioVersion = 17.5.002.0
MinimumVisualStudioVersion = 10.0.40219.1
Project("{9A19103F-16F7-4668-BE54-9A1E7A4F7556}") = "Tarea3", "Tarea3.csproj", "{9DD41D57-BE39-4FFB-BF5E-F4660FFA4FD3}"
EndProject
Global
	GlobalSection(SolutionConfigurationPlatforms) = preSolution
		Debug|Any CPU = Debug|Any CPU
		Release|Any CPU = Release|Any CPU
	EndGlobalSection
	GlobalSection(ProjectConfigurationPlatforms) = postSolution
		{9DD41D57-BE39-4FFB-BF5E-F4660FFA4FD3}.Debug|Any CPU.ActiveCfg = Debug|Any CPU
		{9DD41D57-BE39-4FFB-BF5E-F4660FFA4FD3}.Debug|Any CPU.Build.0 = Debug|Any CPU
		{9DD41D57-BE39-4FFB-BF5E-F4660FFA4FD3}.Release|Any CPU.ActiveCfg = Release|Any CPU
		{9DD41D57-BE39-4FFB-BF5E-F4660FFA4FD3}.Release|Any CPU.Build.0 = Release|Any CPU
	EndGlobalSection
	GlobalSection(SolutionProperties) = preSolution
		HideSolutionNode = FALSE
	EndGlobalSection
	GlobalSection(ExtensibilityGlobals) = postSolution
		SolutionGuid = {BFB06324-EB11-4186-8490-1325765F4435}
	EndGlobalSection
EndGlobal
